
Microsoft Visual Studio Solution File, Format Version 12.00
# Visual Studio 14
VisualStudioVersion = 14.0.25420.1
MinimumVisualStudioVersion = 10.0.40219.1
Project("{FAE04EC0-301F-11D3-BF4B-00C04F79EFBC}") = "Gogol", "Gogol\Gogol.csproj", "{1E85AE86-8553-4C9F-9C8D-95B299A8BD1C}"
EndProject
Project("{FAE04EC0-301F-11D3-BF4B-00C04F79EFBC}") = "Gogol.Tests", "Gogol.Tests\Gogol.Tests.csproj", "{3AD1A771-BB20-49F3-B1A3-EC1441306D07}"
EndProject
Project("{00D1A9C2-B5F0-4AF3-8072-F6C62B433612}") = "GogolStore", "GogolStore\GogolStore.sqlproj", "{6701768F-F6D9-4246-8F3E-6CEA48507409}"
EndProject
Global
	GlobalSection(SolutionConfigurationPlatforms) = preSolution
		Debug|Any CPU = Debug|Any CPU
		Release|Any CPU = Release|Any CPU
	EndGlobalSection
	GlobalSection(ProjectConfigurationPlatforms) = postSolution
		{1E85AE86-8553-4C9F-9C8D-95B299A8BD1C}.Debug|Any CPU.ActiveCfg = Debug|Any CPU
		{1E85AE86-8553-4C9F-9C8D-95B299A8BD1C}.Debug|Any CPU.Build.0 = Debug|Any CPU
		{1E85AE86-8553-4C9F-9C8D-95B299A8BD1C}.Release|Any CPU.ActiveCfg = Release|Any CPU
		{1E85AE86-8553-4C9F-9C8D-95B299A8BD1C}.Release|Any CPU.Build.0 = Release|Any CPU
		{3AD1A771-BB20-49F3-B1A3-EC1441306D07}.Debug|Any CPU.ActiveCfg = Debug|Any CPU
		{3AD1A771-BB20-49F3-B1A3-EC1441306D07}.Debug|Any CPU.Build.0 = Debug|Any CPU
		{3AD1A771-BB20-49F3-B1A3-EC1441306D07}.Release|Any CPU.ActiveCfg = Release|Any CPU
		{3AD1A771-BB20-49F3-B1A3-EC1441306D07}.Release|Any CPU.Build.0 = Release|Any CPU
		{6701768F-F6D9-4246-8F3E-6CEA48507409}.Debug|Any CPU.ActiveCfg = Debug|Any CPU
		{6701768F-F6D9-4246-8F3E-6CEA48507409}.Debug|Any CPU.Build.0 = Debug|Any CPU
		{6701768F-F6D9-4246-8F3E-6CEA48507409}.Debug|Any CPU.Deploy.0 = Debug|Any CPU
		{6701768F-F6D9-4246-8F3E-6CEA48507409}.Release|Any CPU.ActiveCfg = Release|Any CPU
		{6701768F-F6D9-4246-8F3E-6CEA48507409}.Release|Any CPU.Build.0 = Release|Any CPU
		{6701768F-F6D9-4246-8F3E-6CEA48507409}.Release|Any CPU.Deploy.0 = Release|Any CPU
	EndGlobalSection
	GlobalSection(SolutionProperties) = preSolution
		HideSolutionNode = FALSE
	EndGlobalSection
EndGlobal
